{
  "name": "elephantchess-swc-minifier",
  "version": "1.0.0",
  "lockfileVersion": 3,
  "requires": true,
  "packages": {
    "": {
      "name": "elephantchess-swc-minifier",
      "version": "1.0.0",
      "dependencies": {
        "@swc/core": "^1.15.40"
      }
    },
    "node_modules/@swc/core": {
      "version": "1.15.40",
      "resolved": "https://registry.npmjs.org/@swc/core/-/core-1.15.40.tgz",
      "integrity": "sha512-2kwzJikRvgtNAG7MwVZY2vEzZjTxKIq5jXOihuSV/8U+Hej8Va22t65aKnJZs3P+NwojZvR8Mf8kyM7O+V8sQg==",
      "hasInstallScript": true,
      "license": "Apache-2.0",
      "dependencies": {
        "@swc/counter": "^0.1.3",
        "@swc/types": "^0.1.26"
      },
      "engines": {
        "node": ">=10"
      },
      "funding": {
        "type": "opencollective",
        "url": "https://opencollective.com/swc"
      },
      "optionalDependencies": {
        "@swc/core-darwin-arm64": "1.15.40",
        "@swc/core-darwin-x64": "1.15.40",
        "@swc/core-linux-arm-gnueabihf": "1.15.40",
        "@swc/core-linux-arm64-gnu": "1.15.40",
        "@swc/core-linux-arm64-musl": "1.15.40",
        "@swc/core-linux-ppc64-gnu": "1.15.40",
        "@swc/core-linux-s390x-gnu": "1.15.40",
        "@swc/core-linux-x64-gnu": "1.15.40",
        "@swc/core-linux-x64-musl": "1.15.40",
        "@swc/core-win32-arm64-msvc": "1.15.40",
        "@swc/core-win32-ia32-msvc": "1.15.40",
        "@swc/core-win32-x64-msvc": "1.15.40"
      },
      "peerDependencies": {
        "@swc/helpers": ">=0.5.17"
      },
      "peerDependenciesMeta": {
        "@swc/helpers": {
          "optional": true
        }
      }
    },
    "node_modules/@swc/core-darwin-arm64": {
      "version": "1.15.40",
      "resolved": "https://registry.npmjs.org/@swc/core-darwin-arm64/-/core-darwin-arm64-1.15.40.tgz",
      "integrity": "sha512-PaYyclfmQ++77D8ityYvmmVzHv9aG8ROwt2GfG6/ccloy4Hgf80qtOnzb9VYvPsUT7Ty1uhuDRhv3XYpf62qhQ==",
      "cpu": [
        "arm64"
      ],
      "license": "Apache-2.0 AND MIT",
      "optional": true,
      "os": [
        "darwin"
      ],
      "engines": {
        "node": ">=10"
      }
    },
    "node_modules/@swc/core-darwin-x64": {
      "version": "1.15.40",
      "resolved": "https://registry.npmjs.org/@swc/core-darwin-x64/-/core-darwin-x64-1.15.40.tgz",
      "integrity": "sha512-HbbPzvfLBUXjIB1Ezks+//lNUjmLjfyd63XSwprJgrZaXYdm70kohXPJUWdqKZozolFxbPaO+xtBaiUp6BoueA==",
      "cpu": [
        "x64"
      ],
      "license": "Apache-2.0 AND MIT",
      "optional": true,
      "os": [
        "darwin"
      ],
      "engines": {
        "node": ">=10"
      }
    },
    "node_modules/@swc/core-linux-arm-gnueabihf": {
      "version": "1.15.40",
      "resolved": "https://registry.npmjs.org/@swc/core-linux-arm-gnueabihf/-/core-linux-arm-gnueabihf-1.15.40.tgz",
      "integrity": "sha512-SlRZsCjOCPR2LvFs0Ri/Xrx/5o5TCt8vl4gW6mX1hEZOG0a625RxzRHpHdAQNGykmAN/7IeaFAJG+QnNmxlHcA==",
      "cpu": [
        "arm"
      ],
      "license": "Apache-2.0",
      "optional": true,
      "os": [
        "linux"
      ],
      "engines": {
        "node": ">=10"
      }
    },
    "node_modules/@swc/core-linux-arm64-gnu": {
      "version": "1.15.40",
      "resolved": "https://registry.npmjs.org/@swc/core-linux-arm64-gnu/-/core-linux-arm64-gnu-1.15.40.tgz",
      "integrity": "sha512-Q8byxJt2fh8CR3EUX6snBpy47AoBVm+In/+Z3rjDHMjC38ZvR9/gtUUNCT0tfrn4EdVsO8/QPi59nxrxvqxvBQ==",
      "cpu": [
        "arm64"
      ],
      "libc": [
        "glibc"
      ],
      "license": "Apache-2.0 AND MIT",
      "optional": true,
      "os": [
        "linux"
      ],
      "engines": {
        "node": ">=10"
      }
    },
    "node_modules/@swc/core-linux-arm64-musl": {
      "version": "1.15.40",
      "resolved": "https://registry.npmjs.org/@swc/core-linux-arm64-musl/-/core-linux-arm64-musl-1.15.40.tgz",
      "integrity": "sha512-4z0MgHU+7M0pZDqBN1El7mFXDI1SBwinfcUkAyA4v8QrhOIUOZltySt2aStQLZGrdXVXM4Y4ylfiTC04ED+MoQ==",
      "cpu": [
        "arm64"
      ],
      "libc": [
        "musl"
      ],
      "license": "Apache-2.0 AND MIT",
      "optional": true,
      "os": [
        "linux"
      ],
      "engines": {
        "node": ">=10"
      }
    },
    "node_modules/@swc/core-linux-ppc64-gnu": {
      "version": "1.15.40",
      "resolved": "https://registry.npmjs.org/@swc/core-linux-ppc64-gnu/-/core-linux-ppc64-gnu-1.15.40.tgz",
      "integrity": "sha512-fLI4iUgeSZu0eRWUXwe6YzPFx9gHbFiPkl8Rp3mJfP8OpNR3nTQCGPvHdDh9xniW7mVvgMY4ni7A4VzqI1KrpA==",
      "cpu": [
        "ppc64"
      ],
      "libc": [
        "glibc"
      ],
      "license": "Apache-2.0 AND MIT",
      "optional": true,
      "os": [
        "linux"
      ],
      "engines": {
        "node": ">=10"
      }
    },
    "node_modules/@swc/core-linux-s390x-gnu": {
      "version": "1.15.40",
      "resolved": "https://registry.npmjs.org/@swc/core-linux-s390x-gnu/-/core-linux-s390x-gnu-1.15.40.tgz",
      "integrity": "sha512-YqeKMAb7d4nQSGMJQ454IlaCENpzcDqhvBE9+CPfdnYpnUXxd+BSrB6Xk0YjW8UyoEhUj4p6quATCxbsp6J3jg==",
      "cpu": [
        "s390x"
      ],
      "libc": [
        "glibc"
      ],
      "license": "Apache-2.0 AND MIT",
      "optional": true,
      "os": [
        "linux"
      ],
      "engines": {
        "node": ">=10"
      }
    },
    "node_modules/@swc/core-linux-x64-gnu": {
      "version": "1.15.40",
      "resolved": "https://registry.npmjs.org/@swc/core-linux-x64-gnu/-/core-linux-x64-gnu-1.15.40.tgz",
      "integrity": "sha512-7HOuS1iGcme/j/TuL1TfmmLGiMQrjv/GmjyZeydl00FKPtpGXEldwqfI56xgd1YzrzoB2svWjxbGGyQ0TEASxg==",
      "cpu": [
        "x64"
      ],
      "libc": [
        "glibc"
      ],
      "license": "Apache-2.0 AND MIT",
      "optional": true,
      "os": [
        "linux"
      ],
      "engines": {
        "node": ">=10"
      }
    },
    "node_modules/@swc/core-linux-x64-musl": {
      "version": "1.15.40",
      "resolved": "https://registry.npmjs.org/@swc/core-linux-x64-musl/-/core-linux-x64-musl-1.15.40.tgz",
      "integrity": "sha512-h4kZYHc7dpc9P9u4brRJaS8Pl7tPVHAeiLSzw7T5RfIJgAoSdaCMKzI/2Uay9gFhaw8uyCDl0L5q37r0EpAfIA==",
      "cpu": [
        "x64"
      ],
      "libc": [
        "musl"
      ],
      "license": "Apache-2.0 AND MIT",
      "optional": true,
      "os": [
        "linux"
      ],
      "engines": {
        "node": ">=10"
      }
    },
    "node_modules/@swc/core-win32-arm64-msvc": {
      "version": "1.15.40",
      "resolved": "https://registry.npmjs.org/@swc/core-win32-arm64-msvc/-/core-win32-arm64-msvc-1.15.40.tgz",
      "integrity": "sha512-+mQgKZXSj6mV38Zh05QaxSjUDmGP/R2JWlXZTDLSPkDzHU6p3GxN9eeSf5dfyDVU86946fmCvSzyl/ucImx8+A==",
      "cpu": [
        "arm64"
      ],
      "license": "Apache-2.0 AND MIT",
      "optional": true,
      "os": [
        "win32"
      ],
      "engines": {
        "node": ">=10"
      }
    },
    "node_modules/@swc/core-win32-ia32-msvc": {
      "version": "1.15.40",
      "resolved": "https://registry.npmjs.org/@swc/core-win32-ia32-msvc/-/core-win32-ia32-msvc-1.15.40.tgz",
      "integrity": "sha512-yvwdPLGd25mcj/mNatjNQ0lZujtQD6psH3v9PNmMb+fSzjbNG8KIDxjFWrcV+fsFVLOkyOmdJsFmX7NAFjVyPw==",
      "cpu": [
        "ia32"
      ],
      "license": "Apache-2.0 AND MIT",
      "optional": true,
      "os": [
        "win32"
      ],
      "engines": {
        "node": ">=10"
      }
    },
    "node_modules/@swc/core-win32-x64-msvc": {
      "version": "1.15.40",
      "resolved": "https://registry.npmjs.org/@swc/core-win32-x64-msvc/-/core-win32-x64-msvc-1.15.40.tgz",
      "integrity": "sha512-OXtKsLU1bVtInzzDEAY2sYiF/rl4tvAnLLLpuMp3HzAOQZ5A+i69AKDhA1YLQTaMAqO3vzyYNVAYVRMPtSYD4w==",
      "cpu": [
        "x64"
      ],
      "license": "Apache-2.0 AND MIT",
      "optional": true,
      "os": [
        "win32"
      ],
      "engines": {
        "node": ">=10"
      }
    },
    "node_modules/@swc/counter": {
      "version": "0.1.3",
      "resolved": "https://registry.npmjs.org/@swc/counter/-/counter-0.1.3.tgz",
      "integrity": "sha512-e2BR4lsJkkRlKZ/qCHPw9ZaSxc0MVUd7gtbtaB7aMvHeJVYe8sOB8DBZkP2DtISHGSku9sCK6T6cnY0CtXrOCQ==",
      "license": "Apache-2.0"
    },
    "node_modules/@swc/types": {
      "version": "0.1.26",
      "resolved": "https://registry.npmjs.org/@swc/types/-/types-0.1.26.tgz",
      "integrity": "sha512-lyMwd7WGgG79RS7EERZV3T8wMdmPq3xwyg+1nmAM64kIhx5yl+juO2PYIHb7vTiPgPCj8LYjsNV2T5wiQHUEaw==",
      "license": "Apache-2.0",
      "dependencies": {
        "@swc/counter": "^0.1.3"
      }
    }
  }
}
